
Microsoft Visual Studio Solution File, Format Version 12.00
# Visual Studio 15
VisualStudioVersion = 15.0.28010.2016
MinimumVisualStudioVersion = 10.0.40219.1
Project("{9A19103F-16F7-4668-BE54-9A1E7A4F7556}") = "FunWithForms", "FunWithForms\FunWithForms.csproj", "{D49CD2EB-A441-49FF-9BC2-48124F2723E0}"
EndProject
Project("{FAE04EC0-301F-11D3-BF4B-00C04F79EFBC}") = "FunWithForms.Tests", "FunWithForms.Tests\FunWithForms.Tests.csproj", "{884EC089-5A1F-4F1B-B013-3CEEA8F3816D}"
EndProject
Global
	GlobalSection(SolutionConfigurationPlatforms) = preSolution
		Debug|Any CPU = Debug|Any CPU
		Release|Any CPU = Release|Any CPU
	EndGlobalSection
	GlobalSection(ProjectConfigurationPlatforms) = postSolution
		{D49CD2EB-A441-49FF-9BC2-48124F2723E0}.Debug|Any CPU.ActiveCfg = Debug|Any CPU
		{D49CD2EB-A441-49FF-9BC2-48124F2723E0}.Debug|Any CPU.Build.0 = Debug|Any CPU
		{D49CD2EB-A441-49FF-9BC2-48124F2723E0}.Release|Any CPU.ActiveCfg = Release|Any CPU
		{D49CD2EB-A441-49FF-9BC2-48124F2723E0}.Release|Any CPU.Build.0 = Release|Any CPU
		{884EC089-5A1F-4F1B-B013-3CEEA8F3816D}.Debug|Any CPU.ActiveCfg = Debug|Any CPU
		{884EC089-5A1F-4F1B-B013-3CEEA8F3816D}.Debug|Any CPU.Build.0 = Debug|Any CPU
		{884EC089-5A1F-4F1B-B013-3CEEA8F3816D}.Release|Any CPU.ActiveCfg = Release|Any CPU
		{884EC089-5A1F-4F1B-B013-3CEEA8F3816D}.Release|Any CPU.Build.0 = Release|Any CPU
	EndGlobalSection
	GlobalSection(SolutionProperties) = preSolution
		HideSolutionNode = FALSE
	EndGlobalSection
	GlobalSection(ExtensibilityGlobals) = postSolution
		SolutionGuid = {CCA94D1C-C4E1-4F63-8714-0345A894BA3C}
	EndGlobalSection
EndGlobal
